{
  "name": "@thyiad/script",
  "version": "0.0.9",
  "lockfileVersion": 2,
  "requires": true,
  "packages": {
    "": {
      "name": "@thyiad/script",
      "version": "0.0.9",
      "license": "MIT",
      "devDependencies": {
        "install-peers-cli": "^2.2.0"
      },
      "peerDependencies": {
        "chalk": "^4.1.0",
        "spinnies": "^0.5.1",
        "ssh2": "^0.8.9",
        "typescript": "^4.0.5"
      }
    },
    "node_modules/commander": {
      "version": "2.20.3",
      "resolved": "https://registry.npm.taobao.org/commander/download/commander-2.20.3.tgz?cache=0&sync_timestamp=1605992478790&other_urls=https%3A%2F%2Fregistry.npm.taobao.org%2Fcommander%2Fdownload%2Fcommander-2.20.3.tgz",
      "integrity": "sha1-/UhehMA+tIgcIHIrpIA16FMa6zM=",
      "dev": true
    },
    "node_modules/executioner": {
      "version": "2.0.1",
      "resolved": "https://registry.npm.taobao.org/executioner/download/executioner-2.0.1.tgz",
      "integrity": "sha1-rdMo4DvEXdWY81j7tSn8C+Dsb80=",
      "dev": true,
      "dependencies": {
        "mixly": "^1.0.0"
      }
    },
    "node_modules/fulcon": {
      "version": "1.0.2",
      "resolved": "https://registry.npm.taobao.org/fulcon/download/fulcon-1.0.2.tgz",
      "integrity": "sha1-ik39pMc/zZzGKnnVBFw5K0VUcyA=",
      "dev": true,
      "engines": {
        "node": ">= 0.10"
      }
    },
    "node_modules/install-peers-cli": {
      "version": "2.2.0",
      "resolved": "https://registry.npm.taobao.org/install-peers-cli/download/install-peers-cli-2.2.0.tgz",
      "integrity": "sha1-928eyKyfp/kgwFdD4BFVTtrYX40=",
      "dev": true,
      "dependencies": {
        "commander": "^2.20.0",
        "executioner": "^2.0.1"
      },
      "bin": {
        "install-peers": "install.js"
      }
    },
    "node_modules/mixly": {
      "version": "1.0.0",
      "resolved": "https://registry.npm.taobao.org/mixly/download/mixly-1.0.0.tgz",
      "integrity": "sha1-m1ouH2Pm37oNMOZ5f/rmKrHcJO8=",
      "dev": true,
      "dependencies": {
        "fulcon": "^1.0.1"
      },
      "engines": {
        "node": ">= 0.10"
      }
    }
  },
  "dependencies": {
    "commander": {
      "version": "2.20.3",
      "resolved": "https://registry.npm.taobao.org/commander/download/commander-2.20.3.tgz?cache=0&sync_timestamp=1605992478790&other_urls=https%3A%2F%2Fregistry.npm.taobao.org%2Fcommander%2Fdownload%2Fcommander-2.20.3.tgz",
      "integrity": "sha1-/UhehMA+tIgcIHIrpIA16FMa6zM=",
      "dev": true
    },
    "executioner": {
      "version": "2.0.1",
      "resolved": "https://registry.npm.taobao.org/executioner/download/executioner-2.0.1.tgz",
      "integrity": "sha1-rdMo4DvEXdWY81j7tSn8C+Dsb80=",
      "dev": true,
      "requires": {
        "mixly": "^1.0.0"
      }
    },
    "fulcon": {
      "version": "1.0.2",
      "resolved": "https://registry.npm.taobao.org/fulcon/download/fulcon-1.0.2.tgz",
      "integrity": "sha1-ik39pMc/zZzGKnnVBFw5K0VUcyA=",
      "dev": true
    },
    "install-peers-cli": {
      "version": "2.2.0",
      "resolved": "https://registry.npm.taobao.org/install-peers-cli/download/install-peers-cli-2.2.0.tgz",
      "integrity": "sha1-928eyKyfp/kgwFdD4BFVTtrYX40=",
      "dev": true,
      "requires": {
        "commander": "^2.20.0",
        "executioner": "^2.0.1"
      }
    },
    "mixly": {
      "version": "1.0.0",
      "resolved": "https://registry.npm.taobao.org/mixly/download/mixly-1.0.0.tgz",
      "integrity": "sha1-m1ouH2Pm37oNMOZ5f/rmKrHcJO8=",
      "dev": true,
      "requires": {
        "fulcon": "^1.0.1"
      }
    }
  }
}
